
Microsoft Visual Studio Solution File, Format Version 12.00
# Visual Studio Version 16
VisualStudioVersion = 16.0.30406.217
MinimumVisualStudioVersion = 10.0.40219.1
Project("{9A19103F-16F7-4668-BE54-9A1E7A4F7556}") = "solutions.trickystart.v1", "cs-solutions\solutions.trickystart.v1.csproj", "{6E2AB932-F797-4B56-9BCD-87767F892FA5}"
EndProject
Project("{FAE04EC0-301F-11D3-BF4B-00C04F79EFBC}") = "solutions.trickystart.v2", "solutions.trickystart.v2\solutions.trickystart.v2.csproj", "{0E8C3411-7DD4-4996-BD54-97170BF310D2}"
EndProject
Project("{FAE04EC0-301F-11D3-BF4B-00C04F79EFBC}") = "solutions.instantiation.v1", "solutions.instantiation.v1\solutions.instantiation.v1.csproj", "{8309E5BA-759E-47FD-8B90-8BE966A517C0}"
EndProject
Global
	GlobalSection(SolutionConfigurationPlatforms) = preSolution
		Debug|Any CPU = Debug|Any CPU
		Release|Any CPU = Release|Any CPU
	EndGlobalSection
	GlobalSection(ProjectConfigurationPlatforms) = postSolution
		{6E2AB932-F797-4B56-9BCD-87767F892FA5}.Debug|Any CPU.ActiveCfg = Debug|Any CPU
		{6E2AB932-F797-4B56-9BCD-87767F892FA5}.Debug|Any CPU.Build.0 = Debug|Any CPU
		{6E2AB932-F797-4B56-9BCD-87767F892FA5}.Release|Any CPU.ActiveCfg = Release|Any CPU
		{6E2AB932-F797-4B56-9BCD-87767F892FA5}.Release|Any CPU.Build.0 = Release|Any CPU
		{0E8C3411-7DD4-4996-BD54-97170BF310D2}.Debug|Any CPU.ActiveCfg = Debug|Any CPU
		{0E8C3411-7DD4-4996-BD54-97170BF310D2}.Debug|Any CPU.Build.0 = Debug|Any CPU
		{0E8C3411-7DD4-4996-BD54-97170BF310D2}.Release|Any CPU.ActiveCfg = Release|Any CPU
		{0E8C3411-7DD4-4996-BD54-97170BF310D2}.Release|Any CPU.Build.0 = Release|Any CPU
		{8309E5BA-759E-47FD-8B90-8BE966A517C0}.Debug|Any CPU.ActiveCfg = Debug|Any CPU
		{8309E5BA-759E-47FD-8B90-8BE966A517C0}.Debug|Any CPU.Build.0 = Debug|Any CPU
		{8309E5BA-759E-47FD-8B90-8BE966A517C0}.Release|Any CPU.ActiveCfg = Release|Any CPU
		{8309E5BA-759E-47FD-8B90-8BE966A517C0}.Release|Any CPU.Build.0 = Release|Any CPU
	EndGlobalSection
	GlobalSection(SolutionProperties) = preSolution
		HideSolutionNode = FALSE
	EndGlobalSection
	GlobalSection(ExtensibilityGlobals) = postSolution
		SolutionGuid = {32CCF98D-7AEE-48EB-BE07-8DB6BCB87D08}
	EndGlobalSection
EndGlobal
